// !$*UTF8*$!
{
	archiveVersion = 1;
	classes = {
	};
	objectVersion = 48;
	objects = {

/* Begin PBXBuildFile section */
		1A25DE81202D3CFE00F1C4B8 /* AppFlow.swift in Sources */ = {isa = PBXBuildFile; fileRef = 1A25DE80202D3CFE00F1C4B8 /* AppFlow.swift */; };
		1A25DE85203129F200F1C4B8 /* AuthFlow.swift in Sources */ = {isa = PBXBuildFile; fileRef = 1A25DE84203129F200F1C4B8 /* AuthFlow.swift */; };
		1A25DE8920351B8F00F1C4B8 /* AuthViewController.swift in Sources */ = {isa = PBXBuildFile; fileRef = 1A25DE8820351B8F00F1C4B8 /* AuthViewController.swift */; };
		1A25DE8B20351E1D00F1C4B8 /* HomeFlow.swift in Sources */ = {isa = PBXBuildFile; fileRef = 1A25DE8A20351E1D00F1C4B8 /* HomeFlow.swift */; };
		1A8FBE101FF845EE00389464 /* Reusable.framework in Frameworks */ = {isa = PBXBuildFile; fileRef = 1A8FBE0D1FF845EE00389464 /* Reusable.framework */; };
		1A8FBE111FF845EE00389464 /* RxSwift.framework in Frameworks */ = {isa = PBXBuildFile; fileRef = 1A8FBE0E1FF845EE00389464 /* RxSwift.framework */; };
		1A8FBE121FF845EE00389464 /* RxCocoa.framework in Frameworks */ = {isa = PBXBuildFile; fileRef = 1A8FBE0F1FF845EE00389464 /* RxCocoa.framework */; };
		1A8FBE271FF8480C00389464 /* AppStep.swift in Sources */ = {isa = PBXBuildFile; fileRef = 1A8FBE221FF8480C00389464 /* AppStep.swift */; };
		1A8FBE2D1FF84B2500389464 /* ViewModelBased.swift in Sources */ = {isa = PBXBuildFile; fileRef = 1A8FBE2C1FF84B2500389464 /* ViewModelBased.swift */; };
		1AF854B31FF832AE00271B52 /* AppDelegate.swift in Sources */ = {isa = PBXBuildFile; fileRef = 1AF854B21FF832AE00271B52 /* AppDelegate.swift */; };
		1AF854BA1FF832AE00271B52 /* Assets.xcassets in Resources */ = {isa = PBXBuildFile; fileRef = 1AF854B91FF832AE00271B52 /* Assets.xcassets */; };
		1AF854BD1FF832AE00271B52 /* LaunchScreen.storyboard in Resources */ = {isa = PBXBuildFile; fileRef = 1AF854BB1FF832AE00271B52 /* LaunchScreen.storyboard */; };
		298FD427E610C6E8F58F4F21 /* Pods_MVVM_Template.framework in Frameworks */ = {isa = PBXBuildFile; fileRef = 92410F693A189D289EEC58CA /* Pods_MVVM_Template.framework */; };
		4D0B1584250A5AAB00E4C339 /* AppService.swift in Sources */ = {isa = PBXBuildFile; fileRef = 4D0B1583250A5AAB00E4C339 /* AppService.swift */; };
		4D0DF542250938E400C98D6C /* AuthServices.swift in Sources */ = {isa = PBXBuildFile; fileRef = 4D0DF541250938E400C98D6C /* AuthServices.swift */; };
		4D26DD2925091E4200C4540F /* AuthViewModel.swift in Sources */ = {isa = PBXBuildFile; fileRef = 4D26DD2825091E4200C4540F /* AuthViewModel.swift */; };
		4D26DD2B25091EDE00C4540F /* CountryServices.swift in Sources */ = {isa = PBXBuildFile; fileRef = 4D26DD2A25091EDE00C4540F /* CountryServices.swift */; };
		4DC7459A2507EAFE004A9C16 /* DDGSearchViewController.swift in Sources */ = {isa = PBXBuildFile; fileRef = 4DC745992507EAFE004A9C16 /* DDGSearchViewController.swift */; };
		4DC745A52507EC00004A9C16 /* Country.swift in Sources */ = {isa = PBXBuildFile; fileRef = 4DC7459D2507EC00004A9C16 /* Country.swift */; };
		4DC745A62507EC00004A9C16 /* SearchResultAnswer.swift in Sources */ = {isa = PBXBuildFile; fileRef = 4DC7459E2507EC00004A9C16 /* SearchResultAnswer.swift */; };
		4DC745A72507EC00004A9C16 /* SearchResultRelatedTopicIcon.swift in Sources */ = {isa = PBXBuildFile; fileRef = 4DC7459F2507EC00004A9C16 /* SearchResultRelatedTopicIcon.swift */; };
		4DC745A82507EC00004A9C16 /* SearchResult.swift in Sources */ = {isa = PBXBuildFile; fileRef = 4DC745A02507EC00004A9C16 /* SearchResult.swift */; };
		4DC745A92507EC00004A9C16 /* SearchResultDefinition.swift in Sources */ = {isa = PBXBuildFile; fileRef = 4DC745A12507EC00004A9C16 /* SearchResultDefinition.swift */; };
		4DC745AA2507EC00004A9C16 /* SearchResultAbstract.swift in Sources */ = {isa = PBXBuildFile; fileRef = 4DC745A22507EC00004A9C16 /* SearchResultAbstract.swift */; };
		4DC745AB2507EC00004A9C16 /* SearchParams.swift in Sources */ = {isa = PBXBuildFile; fileRef = 4DC745A32507EC00004A9C16 /* SearchParams.swift */; };
		4DC745AC2507EC00004A9C16 /* SearchResultRelatedTopic.swift in Sources */ = {isa = PBXBuildFile; fileRef = 4DC745A42507EC00004A9C16 /* SearchResultRelatedTopic.swift */; };
		4DC745AF2507EC2D004A9C16 /* KeyboardAwareViewController.swift in Sources */ = {isa = PBXBuildFile; fileRef = 4DC745AE2507EC2D004A9C16 /* KeyboardAwareViewController.swift */; };
		4DC745B32507ECB0004A9C16 /* CountryListViewController.swift in Sources */ = {isa = PBXBuildFile; fileRef = 4DC745B22507ECB0004A9C16 /* CountryListViewController.swift */; };
		4DC745B52507ECBD004A9C16 /* CountryListTableViewCell.swift in Sources */ = {isa = PBXBuildFile; fileRef = 4DC745B42507ECBD004A9C16 /* CountryListTableViewCell.swift */; };
		4DC745B82507ED81004A9C16 /* Store.swift in Sources */ = {isa = PBXBuildFile; fileRef = 4DC745B72507ED81004A9C16 /* Store.swift */; };
		4DC745BA2507EDDE004A9C16 /* CountryListViewModel.swift in Sources */ = {isa = PBXBuildFile; fileRef = 4DC745B92507EDDE004A9C16 /* CountryListViewModel.swift */; };
		4DC745C32507EF09004A9C16 /* CountriesRepository.swift in Sources */ = {isa = PBXBuildFile; fileRef = 4DC745C22507EF09004A9C16 /* CountriesRepository.swift */; };
		4DC745C52507F001004A9C16 /* CountryList.json in Resources */ = {isa = PBXBuildFile; fileRef = 4DC745C42507F001004A9C16 /* CountryList.json */; };
		4DC745C72507F0FB004A9C16 /* CountryDetailViewModel.swift in Sources */ = {isa = PBXBuildFile; fileRef = 4DC745C62507F0FB004A9C16 /* CountryDetailViewModel.swift */; };
		4DC745C92507F25D004A9C16 /* CountryListFlow.swift in Sources */ = {isa = PBXBuildFile; fileRef = 4DC745C82507F25D004A9C16 /* CountryListFlow.swift */; };
		4DC745CC2507FF27004A9C16 /* CountryDetailViewController.swift in Sources */ = {isa = PBXBuildFile; fileRef = 4DC745CB2507FF27004A9C16 /* CountryDetailViewController.swift */; };
		4DC745CF25080BE7004A9C16 /* StoreService.swift in Sources */ = {isa = PBXBuildFile; fileRef = 4DC745CE25080BE7004A9C16 /* StoreService.swift */; };
		4DC745EA25080C33004A9C16 /* KeychainStorage.swift in Sources */ = {isa = PBXBuildFile; fileRef = 4DC745E125080C33004A9C16 /* KeychainStorage.swift */; };
		4DC745EB25080C33004A9C16 /* KeyValueLocalStorage.swift in Sources */ = {isa = PBXBuildFile; fileRef = 4DC745E225080C33004A9C16 /* KeyValueLocalStorage.swift */; };
		4DC745EC25080C33004A9C16 /* AppKey.swift in Sources */ = {isa = PBXBuildFile; fileRef = 4DC745E325080C33004A9C16 /* AppKey.swift */; };
		4DC745ED25080C33004A9C16 /* DBLocalStorage.swift in Sources */ = {isa = PBXBuildFile; fileRef = 4DC745E425080C33004A9C16 /* DBLocalStorage.swift */; };
		4DC745EE25080C33004A9C16 /* RxFlowDemo.xcdatamodeld in Sources */ = {isa = PBXBuildFile; fileRef = 4DC745E525080C33004A9C16 /* RxFlowDemo.xcdatamodeld */; };
		4DC745EF25080C33004A9C16 /* Cache.swift in Sources */ = {isa = PBXBuildFile; fileRef = 4DC745E725080C33004A9C16 /* Cache.swift */; };
		4DC745F025080C33004A9C16 /* CoreDataStorage.swift in Sources */ = {isa = PBXBuildFile; fileRef = 4DC745E825080C33004A9C16 /* CoreDataStorage.swift */; };
		4DC745F125080C33004A9C16 /* UserDefaultsStorage.swift in Sources */ = {isa = PBXBuildFile; fileRef = 4DC745E925080C33004A9C16 /* UserDefaultsStorage.swift */; };
		4DC745F425080CFF004A9C16 /* Data+Extension.swift in Sources */ = {isa = PBXBuildFile; fileRef = 4DC745F325080CFF004A9C16 /* Data+Extension.swift */; };
		4DC745F625081078004A9C16 /* PreferencesService.swift in Sources */ = {isa = PBXBuildFile; fileRef = 4DC745F525081078004A9C16 /* PreferencesService.swift */; };
		4DC745F92508C027004A9C16 /* DDGSearchViewModel.swift in Sources */ = {isa = PBXBuildFile; fileRef = 4DC745F82508C027004A9C16 /* DDGSearchViewModel.swift */; };
		4DC746022508C20D004A9C16 /* DDGServices.swift in Sources */ = {isa = PBXBuildFile; fileRef = 4DC746012508C20D004A9C16 /* DDGServices.swift */; };
		4DC746042508CAE1004A9C16 /* DDGSearchFlow.swift in Sources */ = {isa = PBXBuildFile; fileRef = 4DC746032508CAE1004A9C16 /* DDGSearchFlow.swift */; };
		4DC746062508DFE7004A9C16 /* DDGSearchResultsViewModel.swift in Sources */ = {isa = PBXBuildFile; fileRef = 4DC746052508DFE7004A9C16 /* DDGSearchResultsViewModel.swift */; };
		4DC746082508E018004A9C16 /* DDGSearchResultsViewController.swift in Sources */ = {isa = PBXBuildFile; fileRef = 4DC746072508E018004A9C16 /* DDGSearchResultsViewController.swift */; };
		74C6AD35227BC52B00B16A95 /* RxRelay.framework in Frameworks */ = {isa = PBXBuildFile; fileRef = 74C6AD34227BC52B00B16A95 /* RxRelay.framework */; };
/* End PBXBuildFile section */

/* Begin PBXCopyFilesBuildPhase section */
		74ED6C1D21D6D56600731736 /* Embed Frameworks */ = {
			isa = PBXCopyFilesBuildPhase;
			buildActionMask = 2147483647;
			dstPath = "";
			dstSubfolderSpec = 10;
			files = (
			);
			name = "Embed Frameworks";
			runOnlyForDeploymentPostprocessing = 0;
		};
/* End PBXCopyFilesBuildPhase section */

/* Begin PBXFileReference section */
		1A25DE80202D3CFE00F1C4B8 /* AppFlow.swift */ = {isa = PBXFileReference; lastKnownFileType = sourcecode.swift; path = AppFlow.swift; sourceTree = "<group>"; };
		1A25DE84203129F200F1C4B8 /* AuthFlow.swift */ = {isa = PBXFileReference; lastKnownFileType = sourcecode.swift; path = AuthFlow.swift; sourceTree = "<group>"; };
		1A25DE8820351B8F00F1C4B8 /* AuthViewController.swift */ = {isa = PBXFileReference; lastKnownFileType = sourcecode.swift; path = AuthViewController.swift; sourceTree = "<group>"; };
		1A25DE8A20351E1D00F1C4B8 /* HomeFlow.swift */ = {isa = PBXFileReference; lastKnownFileType = sourcecode.swift; path = HomeFlow.swift; sourceTree = "<group>"; };
		1A8FBE0D1FF845EE00389464 /* Reusable.framework */ = {isa = PBXFileReference; lastKnownFileType = wrapper.framework; name = Reusable.framework; path = Carthage/Build/iOS/Reusable.framework; sourceTree = "<group>"; };
		1A8FBE0E1FF845EE00389464 /* RxSwift.framework */ = {isa = PBXFileReference; lastKnownFileType = wrapper.framework; name = RxSwift.framework; path = Carthage/Build/iOS/RxSwift.framework; sourceTree = "<group>"; };
		1A8FBE0F1FF845EE00389464 /* RxCocoa.framework */ = {isa = PBXFileReference; lastKnownFileType = wrapper.framework; name = RxCocoa.framework; path = Carthage/Build/iOS/RxCocoa.framework; sourceTree = "<group>"; };
		1A8FBE221FF8480C00389464 /* AppStep.swift */ = {isa = PBXFileReference; fileEncoding = 4; lastKnownFileType = sourcecode.swift; path = AppStep.swift; sourceTree = "<group>"; };
		1A8FBE2C1FF84B2500389464 /* ViewModelBased.swift */ = {isa = PBXFileReference; fileEncoding = 4; lastKnownFileType = sourcecode.swift; path = ViewModelBased.swift; sourceTree = "<group>"; };
		1AF854AF1FF832AE00271B52 /* MVVM-Template.app */ = {isa = PBXFileReference; explicitFileType = wrapper.application; includeInIndex = 0; path = "MVVM-Template.app"; sourceTree = BUILT_PRODUCTS_DIR; };
		1AF854B21FF832AE00271B52 /* AppDelegate.swift */ = {isa = PBXFileReference; lastKnownFileType = sourcecode.swift; path = AppDelegate.swift; sourceTree = "<group>"; };
		1AF854B91FF832AE00271B52 /* Assets.xcassets */ = {isa = PBXFileReference; lastKnownFileType = folder.assetcatalog; path = Assets.xcassets; sourceTree = "<group>"; };
		1AF854BC1FF832AE00271B52 /* Base */ = {isa = PBXFileReference; lastKnownFileType = file.storyboard; name = Base; path = Base.lproj/LaunchScreen.storyboard; sourceTree = "<group>"; };
		1AF854BE1FF832AE00271B52 /* Info.plist */ = {isa = PBXFileReference; lastKnownFileType = text.plist.xml; path = Info.plist; sourceTree = "<group>"; };
		32DF1AFB988965A2A9C94FB4 /* Pods-RxFlowDemo.release.xcconfig */ = {isa = PBXFileReference; includeInIndex = 1; lastKnownFileType = text.xcconfig; name = "Pods-RxFlowDemo.release.xcconfig"; path = "Target Support Files/Pods-RxFlowDemo/Pods-RxFlowDemo.release.xcconfig"; sourceTree = "<group>"; };
		4D0B1583250A5AAB00E4C339 /* AppService.swift */ = {isa = PBXFileReference; lastKnownFileType = sourcecode.swift; path = AppService.swift; sourceTree = "<group>"; };
		4D0DF541250938E400C98D6C /* AuthServices.swift */ = {isa = PBXFileReference; fileEncoding = 4; lastKnownFileType = sourcecode.swift; name = AuthServices.swift; path = Repositories/AuthServices.swift; sourceTree = "<group>"; };
		4D26DD2825091E4200C4540F /* AuthViewModel.swift */ = {isa = PBXFileReference; lastKnownFileType = sourcecode.swift; path = AuthViewModel.swift; sourceTree = "<group>"; };
		4D26DD2A25091EDE00C4540F /* CountryServices.swift */ = {isa = PBXFileReference; lastKnownFileType = sourcecode.swift; name = CountryServices.swift; path = "MVVM-Template/Services/CountryServices.swift"; sourceTree = SOURCE_ROOT; };
		4DC745992507EAFE004A9C16 /* DDGSearchViewController.swift */ = {isa = PBXFileReference; fileEncoding = 4; lastKnownFileType = sourcecode.swift; path = DDGSearchViewController.swift; sourceTree = "<group>"; };
		4DC7459D2507EC00004A9C16 /* Country.swift */ = {isa = PBXFileReference; fileEncoding = 4; lastKnownFileType = sourcecode.swift; path = Country.swift; sourceTree = "<group>"; };
		4DC7459E2507EC00004A9C16 /* SearchResultAnswer.swift */ = {isa = PBXFileReference; fileEncoding = 4; lastKnownFileType = sourcecode.swift; path = SearchResultAnswer.swift; sourceTree = "<group>"; };
		4DC7459F2507EC00004A9C16 /* SearchResultRelatedTopicIcon.swift */ = {isa = PBXFileReference; fileEncoding = 4; lastKnownFileType = sourcecode.swift; path = SearchResultRelatedTopicIcon.swift; sourceTree = "<group>"; };
		4DC745A02507EC00004A9C16 /* SearchResult.swift */ = {isa = PBXFileReference; fileEncoding = 4; lastKnownFileType = sourcecode.swift; path = SearchResult.swift; sourceTree = "<group>"; };
		4DC745A12507EC00004A9C16 /* SearchResultDefinition.swift */ = {isa = PBXFileReference; fileEncoding = 4; lastKnownFileType = sourcecode.swift; path = SearchResultDefinition.swift; sourceTree = "<group>"; };
		4DC745A22507EC00004A9C16 /* SearchResultAbstract.swift */ = {isa = PBXFileReference; fileEncoding = 4; lastKnownFileType = sourcecode.swift; path = SearchResultAbstract.swift; sourceTree = "<group>"; };
		4DC745A32507EC00004A9C16 /* SearchParams.swift */ = {isa = PBXFileReference; fileEncoding = 4; lastKnownFileType = sourcecode.swift; path = SearchParams.swift; sourceTree = "<group>"; };
		4DC745A42507EC00004A9C16 /* SearchResultRelatedTopic.swift */ = {isa = PBXFileReference; fileEncoding = 4; lastKnownFileType = sourcecode.swift; path = SearchResultRelatedTopic.swift; sourceTree = "<group>"; };
		4DC745AE2507EC2D004A9C16 /* KeyboardAwareViewController.swift */ = {isa = PBXFileReference; fileEncoding = 4; lastKnownFileType = sourcecode.swift; path = KeyboardAwareViewController.swift; sourceTree = "<group>"; };
		4DC745B22507ECB0004A9C16 /* CountryListViewController.swift */ = {isa = PBXFileReference; fileEncoding = 4; lastKnownFileType = sourcecode.swift; path = CountryListViewController.swift; sourceTree = "<group>"; };
		4DC745B42507ECBD004A9C16 /* CountryListTableViewCell.swift */ = {isa = PBXFileReference; fileEncoding = 4; lastKnownFileType = sourcecode.swift; path = CountryListTableViewCell.swift; sourceTree = "<group>"; };
		4DC745B72507ED81004A9C16 /* Store.swift */ = {isa = PBXFileReference; fileEncoding = 4; lastKnownFileType = sourcecode.swift; path = Store.swift; sourceTree = "<group>"; };
		4DC745B92507EDDE004A9C16 /* CountryListViewModel.swift */ = {isa = PBXFileReference; lastKnownFileType = sourcecode.swift; path = CountryListViewModel.swift; sourceTree = "<group>"; };
		4DC745C22507EF09004A9C16 /* CountriesRepository.swift */ = {isa = PBXFileReference; lastKnownFileType = sourcecode.swift; path = CountriesRepository.swift; sourceTree = "<group>"; };
		4DC745C42507F001004A9C16 /* CountryList.json */ = {isa = PBXFileReference; fileEncoding = 4; lastKnownFileType = text.json; path = CountryList.json; sourceTree = "<group>"; };
		4DC745C62507F0FB004A9C16 /* CountryDetailViewModel.swift */ = {isa = PBXFileReference; lastKnownFileType = sourcecode.swift; path = CountryDetailViewModel.swift; sourceTree = "<group>"; };
		4DC745C82507F25D004A9C16 /* CountryListFlow.swift */ = {isa = PBXFileReference; lastKnownFileType = sourcecode.swift; path = CountryListFlow.swift; sourceTree = "<group>"; };
		4DC745CB2507FF27004A9C16 /* CountryDetailViewController.swift */ = {isa = PBXFileReference; lastKnownFileType = sourcecode.swift; path = CountryDetailViewController.swift; sourceTree = "<group>"; };
		4DC745CE25080BE7004A9C16 /* StoreService.swift */ = {isa = PBXFileReference; fileEncoding = 4; lastKnownFileType = sourcecode.swift; path = StoreService.swift; sourceTree = "<group>"; };
		4DC745E125080C33004A9C16 /* KeychainStorage.swift */ = {isa = PBXFileReference; fileEncoding = 4; lastKnownFileType = sourcecode.swift; path = KeychainStorage.swift; sourceTree = "<group>"; };
		4DC745E225080C33004A9C16 /* KeyValueLocalStorage.swift */ = {isa = PBXFileReference; fileEncoding = 4; lastKnownFileType = sourcecode.swift; path = KeyValueLocalStorage.swift; sourceTree = "<group>"; };
		4DC745E325080C33004A9C16 /* AppKey.swift */ = {isa = PBXFileReference; fileEncoding = 4; lastKnownFileType = sourcecode.swift; path = AppKey.swift; sourceTree = "<group>"; };
		4DC745E425080C33004A9C16 /* DBLocalStorage.swift */ = {isa = PBXFileReference; fileEncoding = 4; lastKnownFileType = sourcecode.swift; path = DBLocalStorage.swift; sourceTree = "<group>"; };
		4DC745E625080C33004A9C16 /* VIPER_boilerplate.xcdatamodel */ = {isa = PBXFileReference; lastKnownFileType = wrapper.xcdatamodel; path = VIPER_boilerplate.xcdatamodel; sourceTree = "<group>"; };
		4DC745E725080C33004A9C16 /* Cache.swift */ = {isa = PBXFileReference; fileEncoding = 4; lastKnownFileType = sourcecode.swift; path = Cache.swift; sourceTree = "<group>"; };
		4DC745E825080C33004A9C16 /* CoreDataStorage.swift */ = {isa = PBXFileReference; fileEncoding = 4; lastKnownFileType = sourcecode.swift; path = CoreDataStorage.swift; sourceTree = "<group>"; };
		4DC745E925080C33004A9C16 /* UserDefaultsStorage.swift */ = {isa = PBXFileReference; fileEncoding = 4; lastKnownFileType = sourcecode.swift; path = UserDefaultsStorage.swift; sourceTree = "<group>"; };
		4DC745F325080CFF004A9C16 /* Data+Extension.swift */ = {isa = PBXFileReference; fileEncoding = 4; lastKnownFileType = sourcecode.swift; path = "Data+Extension.swift"; sourceTree = "<group>"; };
		4DC745F525081078004A9C16 /* PreferencesService.swift */ = {isa = PBXFileReference; fileEncoding = 4; lastKnownFileType = sourcecode.swift; path = PreferencesService.swift; sourceTree = "<group>"; };
		4DC745F82508C027004A9C16 /* DDGSearchViewModel.swift */ = {isa = PBXFileReference; lastKnownFileType = sourcecode.swift; path = DDGSearchViewModel.swift; sourceTree = "<group>"; };
		4DC746012508C20D004A9C16 /* DDGServices.swift */ = {isa = PBXFileReference; lastKnownFileType = sourcecode.swift; path = DDGServices.swift; sourceTree = "<group>"; };
		4DC746032508CAE1004A9C16 /* DDGSearchFlow.swift */ = {isa = PBXFileReference; lastKnownFileType = sourcecode.swift; path = DDGSearchFlow.swift; sourceTree = "<group>"; };
		4DC746052508DFE7004A9C16 /* DDGSearchResultsViewModel.swift */ = {isa = PBXFileReference; lastKnownFileType = sourcecode.swift; path = DDGSearchResultsViewModel.swift; sourceTree = "<group>"; };
		4DC746072508E018004A9C16 /* DDGSearchResultsViewController.swift */ = {isa = PBXFileReference; lastKnownFileType = sourcecode.swift; path = DDGSearchResultsViewController.swift; sourceTree = "<group>"; };
		6AAD85F17D420B20CBBE5C98 /* Pods-MVVM-Template.release.xcconfig */ = {isa = PBXFileReference; includeInIndex = 1; lastKnownFileType = text.xcconfig; name = "Pods-MVVM-Template.release.xcconfig"; path = "Target Support Files/Pods-MVVM-Template/Pods-MVVM-Template.release.xcconfig"; sourceTree = "<group>"; };
		74C6AD34227BC52B00B16A95 /* RxRelay.framework */ = {isa = PBXFileReference; lastKnownFileType = wrapper.framework; name = RxRelay.framework; path = ../Carthage/Build/iOS/RxRelay.framework; sourceTree = "<group>"; };
		869447F69C6753395D9727BE /* Pods-MVVM-Template.debug.xcconfig */ = {isa = PBXFileReference; includeInIndex = 1; lastKnownFileType = text.xcconfig; name = "Pods-MVVM-Template.debug.xcconfig"; path = "Target Support Files/Pods-MVVM-Template/Pods-MVVM-Template.debug.xcconfig"; sourceTree = "<group>"; };
		92410F693A189D289EEC58CA /* Pods_MVVM_Template.framework */ = {isa = PBXFileReference; explicitFileType = wrapper.framework; includeInIndex = 0; path = Pods_MVVM_Template.framework; sourceTree = BUILT_PRODUCTS_DIR; };
		E3FDE6231485C576F460F5A4 /* Pods-RxFlowDemo.debug.xcconfig */ = {isa = PBXFileReference; includeInIndex = 1; lastKnownFileType = text.xcconfig; name = "Pods-RxFlowDemo.debug.xcconfig"; path = "Target Support Files/Pods-RxFlowDemo/Pods-RxFlowDemo.debug.xcconfig"; sourceTree = "<group>"; };
/* End PBXFileReference section */

/* Begin PBXFrameworksBuildPhase section */
		1AF854AC1FF832AE00271B52 /* Frameworks */ = {
			isa = PBXFrameworksBuildPhase;
			buildActionMask = 2147483647;
			files = (
				74C6AD35227BC52B00B16A95 /* RxRelay.framework in Frameworks */,
				1A8FBE101FF845EE00389464 /* Reusable.framework in Frameworks */,
				1A8FBE111FF845EE00389464 /* RxSwift.framework in Frameworks */,
				1A8FBE121FF845EE00389464 /* RxCocoa.framework in Frameworks */,
				298FD427E610C6E8F58F4F21 /* Pods_MVVM_Template.framework in Frameworks */,
			);
			runOnlyForDeploymentPostprocessing = 0;
		};
/* End PBXFrameworksBuildPhase section */

/* Begin PBXGroup section */
		1A8FBE0C1FF845EE00389464 /* Frameworks */ = {
			isa = PBXGroup;
			children = (
				74C6AD34227BC52B00B16A95 /* RxRelay.framework */,
				1A8FBE0D1FF845EE00389464 /* Reusable.framework */,
				1A8FBE0F1FF845EE00389464 /* RxCocoa.framework */,
				1A8FBE0E1FF845EE00389464 /* RxSwift.framework */,
				92410F693A189D289EEC58CA /* Pods_MVVM_Template.framework */,
			);
			name = Frameworks;
			sourceTree = "<group>";
		};
		1A8FBE1F1FF847EB00389464 /* Flows */ = {
			isa = PBXGroup;
			children = (
				1A8FBE221FF8480C00389464 /* AppStep.swift */,
				1A25DE80202D3CFE00F1C4B8 /* AppFlow.swift */,
				1A25DE84203129F200F1C4B8 /* AuthFlow.swift */,
				1A25DE8A20351E1D00F1C4B8 /* HomeFlow.swift */,
				4DC745C82507F25D004A9C16 /* CountryListFlow.swift */,
				4DC746032508CAE1004A9C16 /* DDGSearchFlow.swift */,
			);
			path = Flows;
			sourceTree = "<group>";
		};
		1A8FBE201FF847FA00389464 /* Services */ = {
			isa = PBXGroup;
			children = (
				4D0B1583250A5AAB00E4C339 /* AppService.swift */,
				4D0DF541250938E400C98D6C /* AuthServices.swift */,
				4D26DD2A25091EDE00C4540F /* CountryServices.swift */,
				4DC746012508C20D004A9C16 /* DDGServices.swift */,
				4DC745F525081078004A9C16 /* PreferencesService.swift */,
				4DC745C12507EEF6004A9C16 /* Repositories */,
				4DC745B62507ED75004A9C16 /* Store */,
			);
			path = Services;
			sourceTree = "<group>";
		};
		1A8FBE2B1FF84B1C00389464 /* Protocols */ = {
			isa = PBXGroup;
			children = (
				1A8FBE2C1FF84B2500389464 /* ViewModelBased.swift */,
			);
			path = Protocols;
			sourceTree = "<group>";
		};
		1A8FBE391FF84B7300389464 /* Models */ = {
			isa = PBXGroup;
			children = (
				4DC7459D2507EC00004A9C16 /* Country.swift */,
				4DC745A32507EC00004A9C16 /* SearchParams.swift */,
				4DC745A02507EC00004A9C16 /* SearchResult.swift */,
				4DC745A22507EC00004A9C16 /* SearchResultAbstract.swift */,
				4DC7459E2507EC00004A9C16 /* SearchResultAnswer.swift */,
				4DC745A12507EC00004A9C16 /* SearchResultDefinition.swift */,
				4DC745A42507EC00004A9C16 /* SearchResultRelatedTopic.swift */,
				4DC7459F2507EC00004A9C16 /* SearchResultRelatedTopicIcon.swift */,
			);
			path = Models;
			sourceTree = "<group>";
		};
		1A8FBE3E1FF84B8700389464 /* Features */ = {
			isa = PBXGroup;
			children = (
				4DC745962507E5EF004A9C16 /* Auth */,
				1A8FBE3F1FF84B9600389464 /* Home */,
			);
			path = Features;
			sourceTree = "<group>";
		};
		1A8FBE3F1FF84B9600389464 /* Home */ = {
			isa = PBXGroup;
			children = (
				4DC745972507EA84004A9C16 /* CountryList */,
				4DC745982507EAAC004A9C16 /* DDGSearch */,
			);
			path = Home;
			sourceTree = "<group>";
		};
		1AF854A61FF832AE00271B52 = {
			isa = PBXGroup;
			children = (
				1AF854B11FF832AE00271B52 /* MVVM-Template */,
				1AF854B01FF832AE00271B52 /* Products */,
				1A8FBE0C1FF845EE00389464 /* Frameworks */,
				FE41C29559ECF2BBE62F9E76 /* Pods */,
			);
			sourceTree = "<group>";
		};
		1AF854B01FF832AE00271B52 /* Products */ = {
			isa = PBXGroup;
			children = (
				1AF854AF1FF832AE00271B52 /* MVVM-Template.app */,
			);
			name = Products;
			sourceTree = "<group>";
		};
		1AF854B11FF832AE00271B52 /* MVVM-Template */ = {
			isa = PBXGroup;
			children = (
				1AF854B91FF832AE00271B52 /* Assets.xcassets */,
				4DC745F225080CE7004A9C16 /* Extensions */,
				1A8FBE1F1FF847EB00389464 /* Flows */,
				1A8FBE3E1FF84B8700389464 /* Features */,
				1A8FBE391FF84B7300389464 /* Models */,
				1A8FBE2B1FF84B1C00389464 /* Protocols */,
				1A8FBE201FF847FA00389464 /* Services */,
				4DC745AD2507EC0E004A9C16 /* UI */,
				1AF854B21FF832AE00271B52 /* AppDelegate.swift */,
				1AF854BB1FF832AE00271B52 /* LaunchScreen.storyboard */,
				1AF854BE1FF832AE00271B52 /* Info.plist */,
			);
			path = "MVVM-Template";
			sourceTree = "<group>";
		};
		4DC745962507E5EF004A9C16 /* Auth */ = {
			isa = PBXGroup;
			children = (
				1A25DE8820351B8F00F1C4B8 /* AuthViewController.swift */,
				4D26DD2825091E4200C4540F /* AuthViewModel.swift */,
			);
			path = Auth;
			sourceTree = "<group>";
		};
		4DC745972507EA84004A9C16 /* CountryList */ = {
			isa = PBXGroup;
			children = (
				4DC745B22507ECB0004A9C16 /* CountryListViewController.swift */,
				4DC745B42507ECBD004A9C16 /* CountryListTableViewCell.swift */,
				4DC745B92507EDDE004A9C16 /* CountryListViewModel.swift */,
				4DC745CB2507FF27004A9C16 /* CountryDetailViewController.swift */,
				4DC745C62507F0FB004A9C16 /* CountryDetailViewModel.swift */,
			);
			path = CountryList;
			sourceTree = "<group>";
		};
		4DC745982507EAAC004A9C16 /* DDGSearch */ = {
			isa = PBXGroup;
			children = (
				4DC745992507EAFE004A9C16 /* DDGSearchViewController.swift */,
				4DC745F82508C027004A9C16 /* DDGSearchViewModel.swift */,
				4DC746072508E018004A9C16 /* DDGSearchResultsViewController.swift */,
				4DC746052508DFE7004A9C16 /* DDGSearchResultsViewModel.swift */,
			);
			path = DDGSearch;
			sourceTree = "<group>";
		};
		4DC745AD2507EC0E004A9C16 /* UI */ = {
			isa = PBXGroup;
			children = (
				4DC745AE2507EC2D004A9C16 /* KeyboardAwareViewController.swift */,
			);
			path = UI;
			sourceTree = "<group>";
		};
		4DC745B62507ED75004A9C16 /* Store */ = {
			isa = PBXGroup;
			children = (
				4DC745B72507ED81004A9C16 /* Store.swift */,
				4DC745CE25080BE7004A9C16 /* StoreService.swift */,
				4DC745E325080C33004A9C16 /* AppKey.swift */,
				4DC745E725080C33004A9C16 /* Cache.swift */,
				4DC745E825080C33004A9C16 /* CoreDataStorage.swift */,
				4DC745E525080C33004A9C16 /* RxFlowDemo.xcdatamodeld */,
				4DC745E425080C33004A9C16 /* DBLocalStorage.swift */,
				4DC745E125080C33004A9C16 /* KeychainStorage.swift */,
				4DC745E225080C33004A9C16 /* KeyValueLocalStorage.swift */,
				4DC745E925080C33004A9C16 /* UserDefaultsStorage.swift */,
			);
			path = Store;
			sourceTree = "<group>";
		};
		4DC745C12507EEF6004A9C16 /* Repositories */ = {
			isa = PBXGroup;
			children = (
				4DC745C42507F001004A9C16 /* CountryList.json */,
				4DC745C22507EF09004A9C16 /* CountriesRepository.swift */,
			);
			path = Repositories;
			sourceTree = "<group>";
		};
		4DC745F225080CE7004A9C16 /* Extensions */ = {
			isa = PBXGroup;
			children = (
				4DC745F325080CFF004A9C16 /* Data+Extension.swift */,
			);
			path = Extensions;
			sourceTree = "<group>";
		};
		FE41C29559ECF2BBE62F9E76 /* Pods */ = {
			isa = PBXGroup;
			children = (
				E3FDE6231485C576F460F5A4 /* Pods-RxFlowDemo.debug.xcconfig */,
				32DF1AFB988965A2A9C94FB4 /* Pods-RxFlowDemo.release.xcconfig */,
				869447F69C6753395D9727BE /* Pods-MVVM-Template.debug.xcconfig */,
				6AAD85F17D420B20CBBE5C98 /* Pods-MVVM-Template.release.xcconfig */,
			);
			path = Pods;
			sourceTree = "<group>";
		};
/* End PBXGroup section */

/* Begin PBXNativeTarget section */
		1AF854AE1FF832AE00271B52 /* MVVM-Template */ = {
			isa = PBXNativeTarget;
			buildConfigurationList = 1AF854C11FF832AE00271B52 /* Build configuration list for PBXNativeTarget "MVVM-Template" */;
			buildPhases = (
				2DF6B51072402F8F1D71BB07 /* [CP] Check Pods Manifest.lock */,
				1A8FBE131FF8460100389464 /* Swiftlint Code Analysis */,
				1AF854AB1FF832AE00271B52 /* Sources */,
				1AF854AC1FF832AE00271B52 /* Frameworks */,
				1AF854AD1FF832AE00271B52 /* Resources */,
				74ED6C1D21D6D56600731736 /* Embed Frameworks */,
				19A4451F11064DAE90DDD38D /* [CP] Embed Pods Frameworks */,
			);
			buildRules = (
			);
			dependencies = (
			);
			name = "MVVM-Template";
			productName = RxFlowDemo;
			productReference = 1AF854AF1FF832AE00271B52 /* MVVM-Template.app */;
			productType = "com.apple.product-type.application";
		};
/* End PBXNativeTarget section */

/* Begin PBXProject section */
		1AF854A71FF832AE00271B52 /* Project object */ = {
			isa = PBXProject;
			attributes = {
				LastSwiftUpdateCheck = 0920;
				LastUpgradeCheck = 0930;
				ORGANIZATIONNAME = RxSwiftCommunity;
				TargetAttributes = {
					1AF854AE1FF832AE00271B52 = {
						CreatedOnToolsVersion = 9.2;
						LastSwiftMigration = 1020;
						ProvisioningStyle = Automatic;
					};
				};
			};
			buildConfigurationList = 1AF854AA1FF832AE00271B52 /* Build configuration list for PBXProject "MVVM-Template" */;
			compatibilityVersion = "Xcode 8.0";
			developmentRegion = en;
			hasScannedForEncodings = 0;
			knownRegions = (
				en,
				Base,
			);
			mainGroup = 1AF854A61FF832AE00271B52;
			productRefGroup = 1AF854B01FF832AE00271B52 /* Products */;
			projectDirPath = "";
			projectRoot = "";
			targets = (
				1AF854AE1FF832AE00271B52 /* MVVM-Template */,
			);
		};
/* End PBXProject section */

/* Begin PBXResourcesBuildPhase section */
		1AF854AD1FF832AE00271B52 /* Resources */ = {
			isa = PBXResourcesBuildPhase;
			buildActionMask = 2147483647;
			files = (
				1AF854BD1FF832AE00271B52 /* LaunchScreen.storyboard in Resources */,
				1AF854BA1FF832AE00271B52 /* Assets.xcassets in Resources */,
				4DC745C52507F001004A9C16 /* CountryList.json in Resources */,
			);
			runOnlyForDeploymentPostprocessing = 0;
		};
/* End PBXResourcesBuildPhase section */

/* Begin PBXShellScriptBuildPhase section */
		19A4451F11064DAE90DDD38D /* [CP] Embed Pods Frameworks */ = {
			isa = PBXShellScriptBuildPhase;
			buildActionMask = 2147483647;
			files = (
			);
			inputPaths = (
				"${PODS_ROOT}/Target Support Files/Pods-MVVM-Template/Pods-MVVM-Template-frameworks.sh",
				"${BUILT_PRODUCTS_DIR}/Alamofire/Alamofire.framework",
				"${BUILT_PRODUCTS_DIR}/Reusable/Reusable.framework",
				"${BUILT_PRODUCTS_DIR}/RxAlamofire/RxAlamofire.framework",
				"${BUILT_PRODUCTS_DIR}/RxCocoa/RxCocoa.framework",
				"${BUILT_PRODUCTS_DIR}/RxFlow/RxFlow.framework",
				"${BUILT_PRODUCTS_DIR}/RxRelay/RxRelay.framework",
				"${BUILT_PRODUCTS_DIR}/RxSwift/RxSwift.framework",
				"${BUILT_PRODUCTS_DIR}/Toast-Swift/Toast_Swift.framework",
			);
			name = "[CP] Embed Pods Frameworks";
			outputPaths = (
				"${TARGET_BUILD_DIR}/${FRAMEWORKS_FOLDER_PATH}/Alamofire.framework",
				"${TARGET_BUILD_DIR}/${FRAMEWORKS_FOLDER_PATH}/Reusable.framework",
				"${TARGET_BUILD_DIR}/${FRAMEWORKS_FOLDER_PATH}/RxAlamofire.framework",
				"${TARGET_BUILD_DIR}/${FRAMEWORKS_FOLDER_PATH}/RxCocoa.framework",
				"${TARGET_BUILD_DIR}/${FRAMEWORKS_FOLDER_PATH}/RxFlow.framework",
				"${TARGET_BUILD_DIR}/${FRAMEWORKS_FOLDER_PATH}/RxRelay.framework",
				"${TARGET_BUILD_DIR}/${FRAMEWORKS_FOLDER_PATH}/RxSwift.framework",
				"${TARGET_BUILD_DIR}/${FRAMEWORKS_FOLDER_PATH}/Toast_Swift.framework",
			);
			runOnlyForDeploymentPostprocessing = 0;
			shellPath = /bin/sh;
			shellScript = "\"${PODS_ROOT}/Target Support Files/Pods-MVVM-Template/Pods-MVVM-Template-frameworks.sh\"\n";
			showEnvVarsInLog = 0;
		};
		1A8FBE131FF8460100389464 /* Swiftlint Code Analysis */ = {
			isa = PBXShellScriptBuildPhase;
			buildActionMask = 2147483647;
			files = (
			);
			inputPaths = (
			);
			name = "Swiftlint Code Analysis";
			outputPaths = (
			);
			runOnlyForDeploymentPostprocessing = 0;
			shellPath = /bin/sh;
			shellScript = "if which swiftlint >/dev/null; then\n    swiftlint 'autocorrect'\nelse\n    echo \"warning: SwiftLint not installed, download from https://github.com/realm/SwiftLint\"\nfi\n";
		};
		2DF6B51072402F8F1D71BB07 /* [CP] Check Pods Manifest.lock */ = {
			isa = PBXShellScriptBuildPhase;
			buildActionMask = 2147483647;
			files = (
			);
			inputFileListPaths = (
			);
			inputPaths = (
				"${PODS_PODFILE_DIR_PATH}/Podfile.lock",
				"${PODS_ROOT}/Manifest.lock",
			);
			name = "[CP] Check Pods Manifest.lock";
			outputFileListPaths = (
			);
			outputPaths = (
				"$(DERIVED_FILE_DIR)/Pods-MVVM-Template-checkManifestLockResult.txt",
			);
			runOnlyForDeploymentPostprocessing = 0;
			shellPath = /bin/sh;
			shellScript = "diff \"${PODS_PODFILE_DIR_PATH}/Podfile.lock\" \"${PODS_ROOT}/Manifest.lock\" > /dev/null\nif [ $? != 0 ] ; then\n    # print error to STDERR\n    echo \"error: The sandbox is not in sync with the Podfile.lock. Run 'pod install' or update your CocoaPods installation.\" >&2\n    exit 1\nfi\n# This output is used by Xcode 'outputs' to avoid re-running this script phase.\necho \"SUCCESS\" > \"${SCRIPT_OUTPUT_FILE_0}\"\n";
			showEnvVarsInLog = 0;
		};
/* End PBXShellScriptBuildPhase section */

/* Begin PBXSourcesBuildPhase section */
		1AF854AB1FF832AE00271B52 /* Sources */ = {
			isa = PBXSourcesBuildPhase;
			buildActionMask = 2147483647;
			files = (
				4DC745AC2507EC00004A9C16 /* SearchResultRelatedTopic.swift in Sources */,
				4DC745C72507F0FB004A9C16 /* CountryDetailViewModel.swift in Sources */,
				4DC746082508E018004A9C16 /* DDGSearchResultsViewController.swift in Sources */,
				4DC745A62507EC00004A9C16 /* SearchResultAnswer.swift in Sources */,
				4DC7459A2507EAFE004A9C16 /* DDGSearchViewController.swift in Sources */,
				4DC745AA2507EC00004A9C16 /* SearchResultAbstract.swift in Sources */,
				4DC745EC25080C33004A9C16 /* AppKey.swift in Sources */,
				4DC745C92507F25D004A9C16 /* CountryListFlow.swift in Sources */,
				4DC745CC2507FF27004A9C16 /* CountryDetailViewController.swift in Sources */,
				4DC745C32507EF09004A9C16 /* CountriesRepository.swift in Sources */,
				1A25DE81202D3CFE00F1C4B8 /* AppFlow.swift in Sources */,
				4DC745B32507ECB0004A9C16 /* CountryListViewController.swift in Sources */,
				1A25DE8B20351E1D00F1C4B8 /* HomeFlow.swift in Sources */,
				1A25DE8920351B8F00F1C4B8 /* AuthViewController.swift in Sources */,
				1A8FBE271FF8480C00389464 /* AppStep.swift in Sources */,
				4DC745BA2507EDDE004A9C16 /* CountryListViewModel.swift in Sources */,
				4DC745AB2507EC00004A9C16 /* SearchParams.swift in Sources */,
				4DC745EE25080C33004A9C16 /* RxFlowDemo.xcdatamodeld in Sources */,
				4DC745ED25080C33004A9C16 /* DBLocalStorage.swift in Sources */,
				4DC745CF25080BE7004A9C16 /* StoreService.swift in Sources */,
				4DC745A92507EC00004A9C16 /* SearchResultDefinition.swift in Sources */,
				4DC745F625081078004A9C16 /* PreferencesService.swift in Sources */,
				4DC745B82507ED81004A9C16 /* Store.swift in Sources */,
				4DC745EF25080C33004A9C16 /* Cache.swift in Sources */,
				1A25DE85203129F200F1C4B8 /* AuthFlow.swift in Sources */,
				4DC745A82507EC00004A9C16 /* SearchResult.swift in Sources */,
				4DC745F125080C33004A9C16 /* UserDefaultsStorage.swift in Sources */,
				4DC745F92508C027004A9C16 /* DDGSearchViewModel.swift in Sources */,
				4DC746022508C20D004A9C16 /* DDGServices.swift in Sources */,
				4D26DD2B25091EDE00C4540F /* CountryServices.swift in Sources */,
				4DC745F025080C33004A9C16 /* CoreDataStorage.swift in Sources */,
				4DC745AF2507EC2D004A9C16 /* KeyboardAwareViewController.swift in Sources */,
				4DC745A52507EC00004A9C16 /* Country.swift in Sources */,
				4DC746042508CAE1004A9C16 /* DDGSearchFlow.swift in Sources */,
				4DC745EA25080C33004A9C16 /* KeychainStorage.swift in Sources */,
				4DC745B52507ECBD004A9C16 /* CountryListTableViewCell.swift in Sources */,
				4DC745EB25080C33004A9C16 /* KeyValueLocalStorage.swift in Sources */,
				4DC745A72507EC00004A9C16 /* SearchResultRelatedTopicIcon.swift in Sources */,
				4D26DD2925091E4200C4540F /* AuthViewModel.swift in Sources */,
				1A8FBE2D1FF84B2500389464 /* ViewModelBased.swift in Sources */,
				4DC745F425080CFF004A9C16 /* Data+Extension.swift in Sources */,
				4DC746062508DFE7004A9C16 /* DDGSearchResultsViewModel.swift in Sources */,
				4D0B1584250A5AAB00E4C339 /* AppService.swift in Sources */,
				1AF854B31FF832AE00271B52 /* AppDelegate.swift in Sources */,
				4D0DF542250938E400C98D6C /* AuthServices.swift in Sources */,
			);
			runOnlyForDeploymentPostprocessing = 0;
		};
/* End PBXSourcesBuildPhase section */

/* Begin PBXVariantGroup section */
		1AF854BB1FF832AE00271B52 /* LaunchScreen.storyboard */ = {
			isa = PBXVariantGroup;
			children = (
				1AF854BC1FF832AE00271B52 /* Base */,
			);
			name = LaunchScreen.storyboard;
			sourceTree = "<group>";
		};
/* End PBXVariantGroup section */

/* Begin XCBuildConfiguration section */
		1AF854BF1FF832AE00271B52 /* Debug */ = {
			isa = XCBuildConfiguration;
			buildSettings = {
				ALWAYS_SEARCH_USER_PATHS = NO;
				CLANG_ANALYZER_NONNULL = YES;
				CLANG_ANALYZER_NUMBER_OBJECT_CONVERSION = YES_AGGRESSIVE;
				CLANG_CXX_LANGUAGE_STANDARD = "gnu++14";
				CLANG_CXX_LIBRARY = "libc++";
				CLANG_ENABLE_MODULES = YES;
				CLANG_ENABLE_OBJC_ARC = YES;
				CLANG_WARN_BLOCK_CAPTURE_AUTORELEASING = YES;
				CLANG_WARN_BOOL_CONVERSION = YES;
				CLANG_WARN_COMMA = YES;
				CLANG_WARN_CONSTANT_CONVERSION = YES;
				CLANG_WARN_DEPRECATED_OBJC_IMPLEMENTATIONS = YES;
				CLANG_WARN_DIRECT_OBJC_ISA_USAGE = YES_ERROR;
				CLANG_WARN_DOCUMENTATION_COMMENTS = YES;
				CLANG_WARN_EMPTY_BODY = YES;
				CLANG_WARN_ENUM_CONVERSION = YES;
				CLANG_WARN_INFINITE_RECURSION = YES;
				CLANG_WARN_INT_CONVERSION = YES;
				CLANG_WARN_NON_LITERAL_NULL_CONVERSION = YES;
				CLANG_WARN_OBJC_IMPLICIT_RETAIN_SELF = YES;
				CLANG_WARN_OBJC_LITERAL_CONVERSION = YES;
				CLANG_WARN_OBJC_ROOT_CLASS = YES_ERROR;
				CLANG_WARN_RANGE_LOOP_ANALYSIS = YES;
				CLANG_WARN_STRICT_PROTOTYPES = YES;
				CLANG_WARN_SUSPICIOUS_MOVE = YES;
				CLANG_WARN_UNGUARDED_AVAILABILITY = YES_AGGRESSIVE;
				CLANG_WARN_UNREACHABLE_CODE = YES;
				CLANG_WARN__DUPLICATE_METHOD_MATCH = YES;
				CODE_SIGN_IDENTITY = "iPhone Developer";
				COPY_PHASE_STRIP = NO;
				DEBUG_INFORMATION_FORMAT = dwarf;
				ENABLE_STRICT_OBJC_MSGSEND = YES;
				ENABLE_TESTABILITY = YES;
				GCC_C_LANGUAGE_STANDARD = gnu11;
				GCC_DYNAMIC_NO_PIC = NO;
				GCC_NO_COMMON_BLOCKS = YES;
				GCC_OPTIMIZATION_LEVEL = 0;
				GCC_PREPROCESSOR_DEFINITIONS = (
					"DEBUG=1",
					"$(inherited)",
				);
				GCC_WARN_64_TO_32_BIT_CONVERSION = YES;
				GCC_WARN_ABOUT_RETURN_TYPE = YES_ERROR;
				GCC_WARN_UNDECLARED_SELECTOR = YES;
				GCC_WARN_UNINITIALIZED_AUTOS = YES_AGGRESSIVE;
				GCC_WARN_UNUSED_FUNCTION = YES;
				GCC_WARN_UNUSED_VARIABLE = YES;
				IPHONEOS_DEPLOYMENT_TARGET = 11.2;
				MTL_ENABLE_DEBUG_INFO = YES;
				ONLY_ACTIVE_ARCH = YES;
				SDKROOT = iphoneos;
				SWIFT_ACTIVE_COMPILATION_CONDITIONS = DEBUG;
				SWIFT_OPTIMIZATION_LEVEL = "-Onone";
				SWIFT_VERSION = 4.2;
			};
			name = Debug;
		};
		1AF854C01FF832AE00271B52 /* Release */ = {
			isa = XCBuildConfiguration;
			buildSettings = {
				ALWAYS_SEARCH_USER_PATHS = NO;
				CLANG_ANALYZER_NONNULL = YES;
				CLANG_ANALYZER_NUMBER_OBJECT_CONVERSION = YES_AGGRESSIVE;
				CLANG_CXX_LANGUAGE_STANDARD = "gnu++14";
				CLANG_CXX_LIBRARY = "libc++";
				CLANG_ENABLE_MODULES = YES;
				CLANG_ENABLE_OBJC_ARC = YES;
				CLANG_WARN_BLOCK_CAPTURE_AUTORELEASING = YES;
				CLANG_WARN_BOOL_CONVERSION = YES;
				CLANG_WARN_COMMA = YES;
				CLANG_WARN_CONSTANT_CONVERSION = YES;
				CLANG_WARN_DEPRECATED_OBJC_IMPLEMENTATIONS = YES;
				CLANG_WARN_DIRECT_OBJC_ISA_USAGE = YES_ERROR;
				CLANG_WARN_DOCUMENTATION_COMMENTS = YES;
				CLANG_WARN_EMPTY_BODY = YES;
				CLANG_WARN_ENUM_CONVERSION = YES;
				CLANG_WARN_INFINITE_RECURSION = YES;
				CLANG_WARN_INT_CONVERSION = YES;
				CLANG_WARN_NON_LITERAL_NULL_CONVERSION = YES;
				CLANG_WARN_OBJC_IMPLICIT_RETAIN_SELF = YES;
				CLANG_WARN_OBJC_LITERAL_CONVERSION = YES;
				CLANG_WARN_OBJC_ROOT_CLASS = YES_ERROR;
				CLANG_WARN_RANGE_LOOP_ANALYSIS = YES;
				CLANG_WARN_STRICT_PROTOTYPES = YES;
				CLANG_WARN_SUSPICIOUS_MOVE = YES;
				CLANG_WARN_UNGUARDED_AVAILABILITY = YES_AGGRESSIVE;
				CLANG_WARN_UNREACHABLE_CODE = YES;
				CLANG_WARN__DUPLICATE_METHOD_MATCH = YES;
				CODE_SIGN_IDENTITY = "iPhone Developer";
				COPY_PHASE_STRIP = NO;
				DEBUG_INFORMATION_FORMAT = "dwarf-with-dsym";
				ENABLE_NS_ASSERTIONS = NO;
				ENABLE_STRICT_OBJC_MSGSEND = YES;
				GCC_C_LANGUAGE_STANDARD = gnu11;
				GCC_NO_COMMON_BLOCKS = YES;
				GCC_WARN_64_TO_32_BIT_CONVERSION = YES;
				GCC_WARN_ABOUT_RETURN_TYPE = YES_ERROR;
				GCC_WARN_UNDECLARED_SELECTOR = YES;
				GCC_WARN_UNINITIALIZED_AUTOS = YES_AGGRESSIVE;
				GCC_WARN_UNUSED_FUNCTION = YES;
				GCC_WARN_UNUSED_VARIABLE = YES;
				IPHONEOS_DEPLOYMENT_TARGET = 11.2;
				MTL_ENABLE_DEBUG_INFO = NO;
				SDKROOT = iphoneos;
				SWIFT_OPTIMIZATION_LEVEL = "-Owholemodule";
				SWIFT_VERSION = 4.2;
				VALIDATE_PRODUCT = YES;
			};
			name = Release;
		};
		1AF854C21FF832AE00271B52 /* Debug */ = {
			isa = XCBuildConfiguration;
			baseConfigurationReference = 869447F69C6753395D9727BE /* Pods-MVVM-Template.debug.xcconfig */;
			buildSettings = {
				ASSETCATALOG_COMPILER_APPICON_NAME = AppIcon;
				CODE_SIGN_IDENTITY = "iPhone Developer";
				CODE_SIGN_STYLE = Automatic;
				DEVELOPMENT_TEAM = 3V5265LQM9;
				FRAMEWORK_SEARCH_PATHS = (
					"$(inherited)",
					"$(PROJECT_DIR)",
				);
				INFOPLIST_FILE = "MVVM-Template/Info.plist";
				IPHONEOS_DEPLOYMENT_TARGET = 11.0;
				LD_RUNPATH_SEARCH_PATHS = "$(inherited) @executable_path/Frameworks";
				PRODUCT_BUNDLE_IDENTIFIER = "io.warpfactor.MVVM-Template";
				PRODUCT_NAME = "$(TARGET_NAME)";
				PROVISIONING_PROFILE_SPECIFIER = "";
				SWIFT_VERSION = 5.0;
				TARGETED_DEVICE_FAMILY = "1,2";
			};
			name = Debug;
		};
		1AF854C31FF832AE00271B52 /* Release */ = {
			isa = XCBuildConfiguration;
			baseConfigurationReference = 6AAD85F17D420B20CBBE5C98 /* Pods-MVVM-Template.release.xcconfig */;
			buildSettings = {
				ASSETCATALOG_COMPILER_APPICON_NAME = AppIcon;
				CODE_SIGN_IDENTITY = "iPhone Developer";
				CODE_SIGN_STYLE = Automatic;
				DEVELOPMENT_TEAM = 3V5265LQM9;
				FRAMEWORK_SEARCH_PATHS = (
					"$(inherited)",
					"$(PROJECT_DIR)",
				);
				INFOPLIST_FILE = "MVVM-Template/Info.plist";
				IPHONEOS_DEPLOYMENT_TARGET = 11.0;
				LD_RUNPATH_SEARCH_PATHS = "$(inherited) @executable_path/Frameworks";
				PRODUCT_BUNDLE_IDENTIFIER = "io.warpfactor.MVVM-Template";
				PRODUCT_NAME = "$(TARGET_NAME)";
				PROVISIONING_PROFILE_SPECIFIER = "";
				SWIFT_VERSION = 5.0;
				TARGETED_DEVICE_FAMILY = "1,2";
			};
			name = Release;
		};
/* End XCBuildConfiguration section */

/* Begin XCConfigurationList section */
		1AF854AA1FF832AE00271B52 /* Build configuration list for PBXProject "MVVM-Template" */ = {
			isa = XCConfigurationList;
			buildConfigurations = (
				1AF854BF1FF832AE00271B52 /* Debug */,
				1AF854C01FF832AE00271B52 /* Release */,
			);
			defaultConfigurationIsVisible = 0;
			defaultConfigurationName = Release;
		};
		1AF854C11FF832AE00271B52 /* Build configuration list for PBXNativeTarget "MVVM-Template" */ = {
			isa = XCConfigurationList;
			buildConfigurations = (
				1AF854C21FF832AE00271B52 /* Debug */,
				1AF854C31FF832AE00271B52 /* Release */,
			);
			defaultConfigurationIsVisible = 0;
			defaultConfigurationName = Release;
		};
/* End XCConfigurationList section */

/* Begin XCVersionGroup section */
		4DC745E525080C33004A9C16 /* RxFlowDemo.xcdatamodeld */ = {
			isa = XCVersionGroup;
			children = (
				4DC745E625080C33004A9C16 /* VIPER_boilerplate.xcdatamodel */,
			);
			currentVersion = 4DC745E625080C33004A9C16 /* VIPER_boilerplate.xcdatamodel */;
			path = RxFlowDemo.xcdatamodeld;
			sourceTree = "<group>";
			versionGroupType = wrapper.xcdatamodel;
		};
/* End XCVersionGroup section */
	};
	rootObject = 1AF854A71FF832AE00271B52 /* Project object */;
}
